
Microsoft Visual Studio Solution File, Format Version 12.00
# Visual Studio Version 17
VisualStudioVersion = 17.9.34616.47
MinimumVisualStudioVersion = 10.0.40219.1
Project("{FAE04EC0-301F-11D3-BF4B-00C04F79EFBC}") = "Task_1", "Task_1\Task_1.csproj", "{59191468-E3FE-4B03-A5B5-3A711B05C19B}"
EndProject
Global
	GlobalSection(SolutionConfigurationPlatforms) = preSolution
		Debug|Any CPU = Debug|Any CPU
		Release|Any CPU = Release|Any CPU
	EndGlobalSection
	GlobalSection(ProjectConfigurationPlatforms) = postSolution
		{59191468-E3FE-4B03-A5B5-3A711B05C19B}.Debug|Any CPU.ActiveCfg = Debug|Any CPU
		{59191468-E3FE-4B03-A5B5-3A711B05C19B}.Debug|Any CPU.Build.0 = Debug|Any CPU
		{59191468-E3FE-4B03-A5B5-3A711B05C19B}.Release|Any CPU.ActiveCfg = Release|Any CPU
		{59191468-E3FE-4B03-A5B5-3A711B05C19B}.Release|Any CPU.Build.0 = Release|Any CPU
	EndGlobalSection
	GlobalSection(SolutionProperties) = preSolution
		HideSolutionNode = FALSE
	EndGlobalSection
	GlobalSection(ExtensibilityGlobals) = postSolution
		SolutionGuid = {2D8C6A05-AD14-48BB-A0FA-BB3C5759869A}
	EndGlobalSection
EndGlobal
