
Microsoft Visual Studio Solution File, Format Version 12.00
# Visual Studio Version 17
VisualStudioVersion = 17.9.34616.47
MinimumVisualStudioVersion = 10.0.40219.1
Project("{FAE04EC0-301F-11D3-BF4B-00C04F79EFBC}") = "Task_1", "Task_1\Task_1.csproj", "{A990BF4D-3283-48AF-80D0-19F79AF386E2}"
EndProject
Global
	GlobalSection(SolutionConfigurationPlatforms) = preSolution
		Debug|Any CPU = Debug|Any CPU
		Release|Any CPU = Release|Any CPU
	EndGlobalSection
	GlobalSection(ProjectConfigurationPlatforms) = postSolution
		{A990BF4D-3283-48AF-80D0-19F79AF386E2}.Debug|Any CPU.ActiveCfg = Debug|Any CPU
		{A990BF4D-3283-48AF-80D0-19F79AF386E2}.Debug|Any CPU.Build.0 = Debug|Any CPU
		{A990BF4D-3283-48AF-80D0-19F79AF386E2}.Release|Any CPU.ActiveCfg = Release|Any CPU
		{A990BF4D-3283-48AF-80D0-19F79AF386E2}.Release|Any CPU.Build.0 = Release|Any CPU
	EndGlobalSection
	GlobalSection(SolutionProperties) = preSolution
		HideSolutionNode = FALSE
	EndGlobalSection
	GlobalSection(ExtensibilityGlobals) = postSolution
		SolutionGuid = {5A98CC99-061B-4F66-8581-96E4B7AAEF50}
	EndGlobalSection
EndGlobal
